// !$*UTF8*$!
{
	archiveVersion = 1;
	classes = {
	};
	objectVersion = 50;
	objects = {

/* Begin PBXBuildFile section */
		54ACA3AB27D7FD8F005B7D35 /* MemorizeApp.swift in Sources */ = {isa = PBXBuildFile; fileRef = 54ACA39827D7FD8E005B7D35 /* MemorizeApp.swift */; };
		54ACA3AC27D7FD8F005B7D35 /* MemorizeApp.swift in Sources */ = {isa = PBXBuildFile; fileRef = 54ACA39827D7FD8E005B7D35 /* MemorizeApp.swift */; };
		54ACA3AD27D7FD8F005B7D35 /* ContentView.swift in Sources */ = {isa = PBXBuildFile; fileRef = 54ACA39927D7FD8E005B7D35 /* ContentView.swift */; };
		54ACA3AE27D7FD8F005B7D35 /* ContentView.swift in Sources */ = {isa = PBXBuildFile; fileRef = 54ACA39927D7FD8E005B7D35 /* ContentView.swift */; };
		54ACA3AF27D7FD8F005B7D35 /* Assets.xcassets in Resources */ = {isa = PBXBuildFile; fileRef = 54ACA39A27D7FD8F005B7D35 /* Assets.xcassets */; };
		54ACA3B027D7FD8F005B7D35 /* Assets.xcassets in Resources */ = {isa = PBXBuildFile; fileRef = 54ACA39A27D7FD8F005B7D35 /* Assets.xcassets */; };
/* End PBXBuildFile section */

/* Begin PBXFileReference section */
		54ACA39827D7FD8E005B7D35 /* MemorizeApp.swift */ = {isa = PBXFileReference; lastKnownFileType = sourcecode.swift; path = MemorizeApp.swift; sourceTree = "<group>"; };
		54ACA39927D7FD8E005B7D35 /* ContentView.swift */ = {isa = PBXFileReference; lastKnownFileType = sourcecode.swift; path = ContentView.swift; sourceTree = "<group>"; };
		54ACA39A27D7FD8F005B7D35 /* Assets.xcassets */ = {isa = PBXFileReference; lastKnownFileType = folder.assetcatalog; path = Assets.xcassets; sourceTree = "<group>"; };
		54ACA39F27D7FD8F005B7D35 /* Memorize.app */ = {isa = PBXFileReference; explicitFileType = wrapper.application; includeInIndex = 0; path = Memorize.app; sourceTree = BUILT_PRODUCTS_DIR; };
		54ACA3A227D7FD8F005B7D35 /* Info.plist */ = {isa = PBXFileReference; lastKnownFileType = text.plist.xml; path = Info.plist; sourceTree = "<group>"; };
		54ACA3A727D7FD8F005B7D35 /* Memorize.app */ = {isa = PBXFileReference; explicitFileType = wrapper.application; includeInIndex = 0; path = Memorize.app; sourceTree = BUILT_PRODUCTS_DIR; };
		54ACA3A927D7FD8F005B7D35 /* Info.plist */ = {isa = PBXFileReference; lastKnownFileType = text.plist.xml; path = Info.plist; sourceTree = "<group>"; };
		54ACA3AA27D7FD8F005B7D35 /* macOS.entitlements */ = {isa = PBXFileReference; lastKnownFileType = text.plist.entitlements; path = macOS.entitlements; sourceTree = "<group>"; };
/* End PBXFileReference section */

/* Begin PBXFrameworksBuildPhase section */
		54ACA39C27D7FD8F005B7D35 /* Frameworks */ = {
			isa = PBXFrameworksBuildPhase;
			buildActionMask = 2147483647;
			files = (
			);
			runOnlyForDeploymentPostprocessing = 0;
		};
		54ACA3A427D7FD8F005B7D35 /* Frameworks */ = {
			isa = PBXFrameworksBuildPhase;
			buildActionMask = 2147483647;
			files = (
			);
			runOnlyForDeploymentPostprocessing = 0;
		};
/* End PBXFrameworksBuildPhase section */

/* Begin PBXGroup section */
		54ACA39227D7FD8E005B7D35 = {
			isa = PBXGroup;
			children = (
				54ACA39727D7FD8E005B7D35 /* Shared */,
				54ACA3A127D7FD8F005B7D35 /* iOS */,
				54ACA3A827D7FD8F005B7D35 /* macOS */,
				54ACA3A027D7FD8F005B7D35 /* Products */,
			);
			sourceTree = "<group>";
		};
		54ACA39727D7FD8E005B7D35 /* Shared */ = {
			isa = PBXGroup;
			children = (
				54ACA39827D7FD8E005B7D35 /* MemorizeApp.swift */,
				54ACA39927D7FD8E005B7D35 /* ContentView.swift */,
				54ACA39A27D7FD8F005B7D35 /* Assets.xcassets */,
			);
			path = Shared;
			sourceTree = "<group>";
		};
		54ACA3A027D7FD8F005B7D35 /* Products */ = {
			isa = PBXGroup;
			children = (
				54ACA39F27D7FD8F005B7D35 /* Memorize.app */,
				54ACA3A727D7FD8F005B7D35 /* Memorize.app */,
			);
			name = Products;
			sourceTree = "<group>";
		};
		54ACA3A127D7FD8F005B7D35 /* iOS */ = {
			isa = PBXGroup;
			children = (
				54ACA3A227D7FD8F005B7D35 /* Info.plist */,
			);
			path = iOS;
			sourceTree = "<group>";
		};
		54ACA3A827D7FD8F005B7D35 /* macOS */ = {
			isa = PBXGroup;
			children = (
				54ACA3A927D7FD8F005B7D35 /* Info.plist */,
				54ACA3AA27D7FD8F005B7D35 /* macOS.entitlements */,
			);
			path = macOS;
			sourceTree = "<group>";
		};
/* End PBXGroup section */

/* Begin PBXNativeTarget section */
		54ACA39E27D7FD8F005B7D35 /* Memorize (iOS) */ = {
			isa = PBXNativeTarget;
			buildConfigurationList = 54ACA3B327D7FD8F005B7D35 /* Build configuration list for PBXNativeTarget "Memorize (iOS)" */;
			buildPhases = (
				54ACA39B27D7FD8F005B7D35 /* Sources */,
				54ACA39C27D7FD8F005B7D35 /* Frameworks */,
				54ACA39D27D7FD8F005B7D35 /* Resources */,
			);
			buildRules = (
			);
			dependencies = (
			);
			name = "Memorize (iOS)";
			productName = "Memorize (iOS)";
			productReference = 54ACA39F27D7FD8F005B7D35 /* Memorize.app */;
			productType = "com.apple.product-type.application";
		};
		54ACA3A627D7FD8F005B7D35 /* Memorize (macOS) */ = {
			isa = PBXNativeTarget;
			buildConfigurationList = 54ACA3B627D7FD8F005B7D35 /* Build configuration list for PBXNativeTarget "Memorize (macOS)" */;
			buildPhases = (
				54ACA3A327D7FD8F005B7D35 /* Sources */,
				54ACA3A427D7FD8F005B7D35 /* Frameworks */,
				54ACA3A527D7FD8F005B7D35 /* Resources */,
			);
			buildRules = (
			);
			dependencies = (
			);
			name = "Memorize (macOS)";
			productName = "Memorize (macOS)";
			productReference = 54ACA3A727D7FD8F005B7D35 /* Memorize.app */;
			productType = "com.apple.product-type.application";
		};
/* End PBXNativeTarget section */

/* Begin PBXProject section */
		54ACA39327D7FD8E005B7D35 /* Project object */ = {
			isa = PBXProject;
			attributes = {
				LastSwiftUpdateCheck = 1240;
				LastUpgradeCheck = 1240;
				TargetAttributes = {
					54ACA39E27D7FD8F005B7D35 = {
						CreatedOnToolsVersion = 12.4;
					};
					54ACA3A627D7FD8F005B7D35 = {
						CreatedOnToolsVersion = 12.4;
					};
				};
			};
			buildConfigurationList = 54ACA39627D7FD8E005B7D35 /* Build configuration list for PBXProject "Memorize" */;
			compatibilityVersion = "Xcode 9.3";
			developmentRegion = en;
			hasScannedForEncodings = 0;
			knownRegions = (
				en,
				Base,
			);
			mainGroup = 54ACA39227D7FD8E005B7D35;
			productRefGroup = 54ACA3A027D7FD8F005B7D35 /* Products */;
			projectDirPath = "";
			projectRoot = "";
			targets = (
				54ACA39E27D7FD8F005B7D35 /* Memorize (iOS) */,
				54ACA3A627D7FD8F005B7D35 /* Memorize (macOS) */,
			);
		};
/* End PBXProject section */

/* Begin PBXResourcesBuildPhase section */
		54ACA39D27D7FD8F005B7D35 /* Resources */ = {
			isa = PBXResourcesBuildPhase;
			buildActionMask = 2147483647;
			files = (
				54ACA3AF27D7FD8F005B7D35 /* Assets.xcassets in Resources */,
			);
			runOnlyForDeploymentPostprocessing = 0;
		};
		54ACA3A527D7FD8F005B7D35 /* Resources */ = {
			isa = PBXResourcesBuildPhase;
			buildActionMask = 2147483647;
			files = (
				54ACA3B027D7FD8F005B7D35 /* Assets.xcassets in Resources */,
			);
			runOnlyForDeploymentPostprocessing = 0;
		};
/* End PBXResourcesBuildPhase section */

/* Begin PBXSourcesBuildPhase section */
		54ACA39B27D7FD8F005B7D35 /* Sources */ = {
			isa = PBXSourcesBuildPhase;
			buildActionMask = 2147483647;
			files = (
				54ACA3AD27D7FD8F005B7D35 /* ContentView.swift in Sources */,
				54ACA3AB27D7FD8F005B7D35 /* MemorizeApp.swift in Sources */,
			);
			runOnlyForDeploymentPostprocessing = 0;
		};
		54ACA3A327D7FD8F005B7D35 /* Sources */ = {
			isa = PBXSourcesBuildPhase;
			buildActionMask = 2147483647;
			files = (
				54ACA3AE27D7FD8F005B7D35 /* ContentView.swift in Sources */,
				54ACA3AC27D7FD8F005B7D35 /* MemorizeApp.swift in Sources */,
			);
			runOnlyForDeploymentPostprocessing = 0;
		};
/* End PBXSourcesBuildPhase section */

/* Begin XCBuildConfiguration section */
		54ACA3B127D7FD8F005B7D35 /* Debug */ = {
			isa = XCBuildConfiguration;
			buildSettings = {
				ALWAYS_SEARCH_USER_PATHS = NO;
				CLANG_ANALYZER_NONNULL = YES;
				CLANG_ANALYZER_NUMBER_OBJECT_CONVERSION = YES_AGGRESSIVE;
				CLANG_CXX_LANGUAGE_STANDARD = "gnu++14";
				CLANG_CXX_LIBRARY = "libc++";
				CLANG_ENABLE_MODULES = YES;
				CLANG_ENABLE_OBJC_ARC = YES;
				CLANG_ENABLE_OBJC_WEAK = YES;
				CLANG_WARN_BLOCK_CAPTURE_AUTORELEASING = YES;
				CLANG_WARN_BOOL_CONVERSION = YES;
				CLANG_WARN_COMMA = YES;
				CLANG_WARN_CONSTANT_CONVERSION = YES;
				CLANG_WARN_DEPRECATED_OBJC_IMPLEMENTATIONS = YES;
				CLANG_WARN_DIRECT_OBJC_ISA_USAGE = YES_ERROR;
				CLANG_WARN_DOCUMENTATION_COMMENTS = YES;
				CLANG_WARN_EMPTY_BODY = YES;
				CLANG_WARN_ENUM_CONVERSION = YES;
				CLANG_WARN_INFINITE_RECURSION = YES;
				CLANG_WARN_INT_CONVERSION = YES;
				CLANG_WARN_NON_LITERAL_NULL_CONVERSION = YES;
				CLANG_WARN_OBJC_IMPLICIT_RETAIN_SELF = YES;
				CLANG_WARN_OBJC_LITERAL_CONVERSION = YES;
				CLANG_WARN_OBJC_ROOT_CLASS = YES_ERROR;
				CLANG_WARN_QUOTED_INCLUDE_IN_FRAMEWORK_HEADER = YES;
				CLANG_WARN_RANGE_LOOP_ANALYSIS = YES;
				CLANG_WARN_STRICT_PROTOTYPES = YES;
				CLANG_WARN_SUSPICIOUS_MOVE = YES;
				CLANG_WARN_UNGUARDED_AVAILABILITY = YES_AGGRESSIVE;
				CLANG_WARN_UNREACHABLE_CODE = YES;
				CLANG_WARN__DUPLICATE_METHOD_MATCH = YES;
				COPY_PHASE_STRIP = NO;
				DEBUG_INFORMATION_FORMAT = dwarf;
				ENABLE_STRICT_OBJC_MSGSEND = YES;
				ENABLE_TESTABILITY = YES;
				GCC_C_LANGUAGE_STANDARD = gnu11;
				GCC_DYNAMIC_NO_PIC = NO;
				GCC_NO_COMMON_BLOCKS = YES;
				GCC_OPTIMIZATION_LEVEL = 0;
				GCC_PREPROCESSOR_DEFINITIONS = (
					"DEBUG=1",
					"$(inherited)",
				);
				GCC_WARN_64_TO_32_BIT_CONVERSION = YES;
				GCC_WARN_ABOUT_RETURN_TYPE = YES_ERROR;
				GCC_WARN_UNDECLARED_SELECTOR = YES;
				GCC_WARN_UNINITIALIZED_AUTOS = YES_AGGRESSIVE;
				GCC_WARN_UNUSED_FUNCTION = YES;
				GCC_WARN_UNUSED_VARIABLE = YES;
				MTL_ENABLE_DEBUG_INFO = INCLUDE_SOURCE;
				MTL_FAST_MATH = YES;
				ONLY_ACTIVE_ARCH = YES;
				SWIFT_ACTIVE_COMPILATION_CONDITIONS = DEBUG;
				SWIFT_OPTIMIZATION_LEVEL = "-Onone";
			};
			name = Debug;
		};
		54ACA3B227D7FD8F005B7D35 /* Release */ = {
			isa = XCBuildConfiguration;
			buildSettings = {
				ALWAYS_SEARCH_USER_PATHS = NO;
				CLANG_ANALYZER_NONNULL = YES;
				CLANG_ANALYZER_NUMBER_OBJECT_CONVERSION = YES_AGGRESSIVE;
				CLANG_CXX_LANGUAGE_STANDARD = "gnu++14";
				CLANG_CXX_LIBRARY = "libc++";
				CLANG_ENABLE_MODULES = YES;
				CLANG_ENABLE_OBJC_ARC = YES;
				CLANG_ENABLE_OBJC_WEAK = YES;
				CLANG_WARN_BLOCK_CAPTURE_AUTORELEASING = YES;
				CLANG_WARN_BOOL_CONVERSION = YES;
				CLANG_WARN_COMMA = YES;
				CLANG_WARN_CONSTANT_CONVERSION = YES;
				CLANG_WARN_DEPRECATED_OBJC_IMPLEMENTATIONS = YES;
				CLANG_WARN_DIRECT_OBJC_ISA_USAGE = YES_ERROR;
				CLANG_WARN_DOCUMENTATION_COMMENTS = YES;
				CLANG_WARN_EMPTY_BODY = YES;
				CLANG_WARN_ENUM_CONVERSION = YES;
				CLANG_WARN_INFINITE_RECURSION = YES;
				CLANG_WARN_INT_CONVERSION = YES;
				CLANG_WARN_NON_LITERAL_NULL_CONVERSION = YES;
				CLANG_WARN_OBJC_IMPLICIT_RETAIN_SELF = YES;
				CLANG_WARN_OBJC_LITERAL_CONVERSION = YES;
				CLANG_WARN_OBJC_ROOT_CLASS = YES_ERROR;
				CLANG_WARN_QUOTED_INCLUDE_IN_FRAMEWORK_HEADER = YES;
				CLANG_WARN_RANGE_LOOP_ANALYSIS = YES;
				CLANG_WARN_STRICT_PROTOTYPES = YES;
				CLANG_WARN_SUSPICIOUS_MOVE = YES;
				CLANG_WARN_UNGUARDED_AVAILABILITY = YES_AGGRESSIVE;
				CLANG_WARN_UNREACHABLE_CODE = YES;
				CLANG_WARN__DUPLICATE_METHOD_MATCH = YES;
				COPY_PHASE_STRIP = NO;
				DEBUG_INFORMATION_FORMAT = "dwarf-with-dsym";
				ENABLE_NS_ASSERTIONS = NO;
				ENABLE_STRICT_OBJC_MSGSEND = YES;
				GCC_C_LANGUAGE_STANDARD = gnu11;
				GCC_NO_COMMON_BLOCKS = YES;
				GCC_WARN_64_TO_32_BIT_CONVERSION = YES;
				GCC_WARN_ABOUT_RETURN_TYPE = YES_ERROR;
				GCC_WARN_UNDECLARED_SELECTOR = YES;
				GCC_WARN_UNINITIALIZED_AUTOS = YES_AGGRESSIVE;
				GCC_WARN_UNUSED_FUNCTION = YES;
				GCC_WARN_UNUSED_VARIABLE = YES;
				MTL_ENABLE_DEBUG_INFO = NO;
				MTL_FAST_MATH = YES;
				SWIFT_COMPILATION_MODE = wholemodule;
				SWIFT_OPTIMIZATION_LEVEL = "-O";
			};
			name = Release;
		};
		54ACA3B427D7FD8F005B7D35 /* Debug */ = {
			isa = XCBuildConfiguration;
			buildSettings = {
				ASSETCATALOG_COMPILER_APPICON_NAME = AppIcon;
				ASSETCATALOG_COMPILER_GLOBAL_ACCENT_COLOR_NAME = AccentColor;
				CODE_SIGN_STYLE = Automatic;
				DEVELOPMENT_TEAM = ZK9BVZ9C5K;
				ENABLE_PREVIEWS = YES;
				INFOPLIST_FILE = iOS/Info.plist;
				IPHONEOS_DEPLOYMENT_TARGET = 14.0;
				LD_RUNPATH_SEARCH_PATHS = (
					"$(inherited)",
					"@executable_path/Frameworks",
				);
				PRODUCT_BUNDLE_IDENTIFIER = com.irvine5k.Memorize;
				PRODUCT_NAME = Memorize;
				SDKROOT = iphoneos;
				SWIFT_VERSION = 5.0;
				TARGETED_DEVICE_FAMILY = "1,2";
			};
			name = Debug;
		};
		54ACA3B527D7FD8F005B7D35 /* Release */ = {
			isa = XCBuildConfiguration;
			buildSettings = {
				ASSETCATALOG_COMPILER_APPICON_NAME = AppIcon;
				ASSETCATALOG_COMPILER_GLOBAL_ACCENT_COLOR_NAME = AccentColor;
				CODE_SIGN_STYLE = Automatic;
				DEVELOPMENT_TEAM = ZK9BVZ9C5K;
				ENABLE_PREVIEWS = YES;
				INFOPLIST_FILE = iOS/Info.plist;
				IPHONEOS_DEPLOYMENT_TARGET = 14.0;
				LD_RUNPATH_SEARCH_PATHS = (
					"$(inherited)",
					"@executable_path/Frameworks",
				);
				PRODUCT_BUNDLE_IDENTIFIER = com.irvine5k.Memorize;
				PRODUCT_NAME = Memorize;
				SDKROOT = iphoneos;
				SWIFT_VERSION = 5.0;
				TARGETED_DEVICE_FAMILY = "1,2";
				VALIDATE_PRODUCT = YES;
			};
			name = Release;
		};
		54ACA3B727D7FD8F005B7D35 /* Debug */ = {
			isa = XCBuildConfiguration;
			buildSettings = {
				ASSETCATALOG_COMPILER_APPICON_NAME = AppIcon;
				ASSETCATALOG_COMPILER_GLOBAL_ACCENT_COLOR_NAME = AccentColor;
				CODE_SIGN_ENTITLEMENTS = macOS/macOS.entitlements;
				CODE_SIGN_STYLE = Automatic;
				COMBINE_HIDPI_IMAGES = YES;
				DEVELOPMENT_TEAM = ZK9BVZ9C5K;
				ENABLE_HARDENED_RUNTIME = YES;
				ENABLE_PREVIEWS = YES;
				INFOPLIST_FILE = macOS/Info.plist;
				LD_RUNPATH_SEARCH_PATHS = (
					"$(inherited)",
					"@executable_path/../Frameworks",
				);
				MACOSX_DEPLOYMENT_TARGET = 11.0;
				PRODUCT_BUNDLE_IDENTIFIER = com.irvine5k.Memorize;
				PRODUCT_NAME = Memorize;
				SDKROOT = macosx;
				SWIFT_VERSION = 5.0;
			};
			name = Debug;
		};
		54ACA3B827D7FD8F005B7D35 /* Release */ = {
			isa = XCBuildConfiguration;
			buildSettings = {
				ASSETCATALOG_COMPILER_APPICON_NAME = AppIcon;
				ASSETCATALOG_COMPILER_GLOBAL_ACCENT_COLOR_NAME = AccentColor;
				CODE_SIGN_ENTITLEMENTS = macOS/macOS.entitlements;
				CODE_SIGN_STYLE = Automatic;
				COMBINE_HIDPI_IMAGES = YES;
				DEVELOPMENT_TEAM = ZK9BVZ9C5K;
				ENABLE_HARDENED_RUNTIME = YES;
				ENABLE_PREVIEWS = YES;
				INFOPLIST_FILE = macOS/Info.plist;
				LD_RUNPATH_SEARCH_PATHS = (
					"$(inherited)",
					"@executable_path/../Frameworks",
				);
				MACOSX_DEPLOYMENT_TARGET = 11.0;
				PRODUCT_BUNDLE_IDENTIFIER = com.irvine5k.Memorize;
				PRODUCT_NAME = Memorize;
				SDKROOT = macosx;
				SWIFT_VERSION = 5.0;
			};
			name = Release;
		};
/* End XCBuildConfiguration section */

/* Begin XCConfigurationList section */
		54ACA39627D7FD8E005B7D35 /* Build configuration list for PBXProject "Memorize" */ = {
			isa = XCConfigurationList;
			buildConfigurations = (
				54ACA3B127D7FD8F005B7D35 /* Debug */,
				54ACA3B227D7FD8F005B7D35 /* Release */,
			);
			defaultConfigurationIsVisible = 0;
			defaultConfigurationName = Release;
		};
		54ACA3B327D7FD8F005B7D35 /* Build configuration list for PBXNativeTarget "Memorize (iOS)" */ = {
			isa = XCConfigurationList;
			buildConfigurations = (
				54ACA3B427D7FD8F005B7D35 /* Debug */,
				54ACA3B527D7FD8F005B7D35 /* Release */,
			);
			defaultConfigurationIsVisible = 0;
			defaultConfigurationName = Release;
		};
		54ACA3B627D7FD8F005B7D35 /* Build configuration list for PBXNativeTarget "Memorize (macOS)" */ = {
			isa = XCConfigurationList;
			buildConfigurations = (
				54ACA3B727D7FD8F005B7D35 /* Debug */,
				54ACA3B827D7FD8F005B7D35 /* Release */,
			);
			defaultConfigurationIsVisible = 0;
			defaultConfigurationName = Release;
		};
/* End XCConfigurationList section */
	};
	rootObject = 54ACA39327D7FD8E005B7D35 /* Project object */;
}
